{
  "name": "@maimai-score-hub/shared",
  "version": "0.0.1",
  "lockfileVersion": 3,
  "requires": true,
  "packages": {
    "": {
      "name": "@maimai-score-hub/shared",
      "version": "0.0.1",
      "dependencies": {
        "@ts-rest/core": "^3.52.1",
        "zod": "^3.25.76"
      },
      "devDependencies": {
        "@ts-rest/open-api": "^3.52.1",
        "typescript": "^5.9.3",
        "yaml": "^2.8.2"
      }
    },
    "node_modules/@anatine/zod-openapi": {
      "version": "1.14.2",
      "resolved": "https://registry.npmjs.org/@anatine/zod-openapi/-/zod-openapi-1.14.2.tgz",
      "integrity": "sha512-q0qHfnuNYVKu0Swrnnvfj9971AEyW7c8v9jCOZGCl5ZbyGMNG4RPyJkRcMi/JC8CRfdOe0IDfNm1nNsi2avprg==",
      "dev": true,
      "license": "MIT",
      "dependencies": {
        "ts-deepmerge": "^6.0.3"
      },
      "peerDependencies": {
        "openapi3-ts": "^2.0.0 || ^3.0.0",
        "zod": "^3.20.0"
      }
    },
    "node_modules/@ts-rest/core": {
      "version": "3.52.1",
      "resolved": "https://registry.npmjs.org/@ts-rest/core/-/core-3.52.1.tgz",
      "integrity": "sha512-tAjz7Kxq/grJodcTA1Anop4AVRDlD40fkksEV5Mmal88VoZeRKAG8oMHsDwdwPZz+B/zgnz0q2sF+cm5M7Bc7g==",
      "license": "MIT",
      "peerDependencies": {
        "@types/node": "^18.18.7 || >=20.8.4",
        "zod": "^3.22.3"
      },
      "peerDependenciesMeta": {
        "@types/node": {
          "optional": true
        },
        "zod": {
          "optional": true
        }
      }
    },
    "node_modules/@ts-rest/open-api": {
      "version": "3.52.1",
      "resolved": "https://registry.npmjs.org/@ts-rest/open-api/-/open-api-3.52.1.tgz",
      "integrity": "sha512-VY91g6HFzCe1/fNgX4Y3HzaJbIdztCGHTg34drkh7bKgtNOizLJLXV0wwIkMwLGvjhRHojJxnwYxHjGMIkScwg==",
      "dev": true,
      "license": "MIT",
      "dependencies": {
        "@anatine/zod-openapi": "^1.12.0",
        "openapi3-ts": "^2.0.2"
      },
      "peerDependencies": {
        "@ts-rest/core": "~3.52.0",
        "zod": "^3.22.3"
      }
    },
    "node_modules/openapi3-ts": {
      "version": "2.0.2",
      "resolved": "https://registry.npmjs.org/openapi3-ts/-/openapi3-ts-2.0.2.tgz",
      "integrity": "sha512-TxhYBMoqx9frXyOgnRHufjQfPXomTIHYKhSKJ6jHfj13kS8OEIhvmE8CTuQyKtjjWttAjX5DPxM1vmalEpo8Qw==",
      "dev": true,
      "license": "MIT",
      "dependencies": {
        "yaml": "^1.10.2"
      }
    },
    "node_modules/openapi3-ts/node_modules/yaml": {
      "version": "1.10.2",
      "resolved": "https://registry.npmjs.org/yaml/-/yaml-1.10.2.tgz",
      "integrity": "sha512-r3vXyErRCYJ7wg28yvBY5VSoAF8ZvlcW9/BwUzEtUsjvX/DKs24dIkuwjtuprwJJHsbyUbLApepYTR1BN4uHrg==",
      "dev": true,
      "license": "ISC",
      "engines": {
        "node": ">= 6"
      }
    },
    "node_modules/ts-deepmerge": {
      "version": "6.2.1",
      "resolved": "https://registry.npmjs.org/ts-deepmerge/-/ts-deepmerge-6.2.1.tgz",
      "integrity": "sha512-8CYSLazCyj0DJDpPIxOFzJG46r93uh6EynYjuey+bxcLltBeqZL7DMfaE5ZPzZNFlav7wx+2TDa/mBl8gkTYzw==",
      "dev": true,
      "license": "ISC",
      "engines": {
        "node": ">=14.13.1"
      }
    },
    "node_modules/typescript": {
      "version": "5.9.3",
      "resolved": "https://registry.npmjs.org/typescript/-/typescript-5.9.3.tgz",
      "integrity": "sha512-jl1vZzPDinLr9eUt3J/t7V6FgNEw9QjvBPdysz9KfQDD41fQrC2Y4vKQdiaUpFT4bXlb1RHhLpp8wtm6M5TgSw==",
      "dev": true,
      "license": "Apache-2.0",
      "bin": {
        "tsc": "bin/tsc",
        "tsserver": "bin/tsserver"
      },
      "engines": {
        "node": ">=14.17"
      }
    },
    "node_modules/yaml": {
      "version": "2.8.2",
      "resolved": "https://registry.npmjs.org/yaml/-/yaml-2.8.2.tgz",
      "integrity": "sha512-mplynKqc1C2hTVYxd0PU2xQAc22TI1vShAYGksCCfxbn/dFwnHTNi1bvYsBTkhdUNtGIf5xNOg938rrSSYvS9A==",
      "dev": true,
      "license": "ISC",
      "bin": {
        "yaml": "bin.mjs"
      },
      "engines": {
        "node": ">= 14.6"
      },
      "funding": {
        "url": "https://github.com/sponsors/eemeli"
      }
    },
    "node_modules/zod": {
      "version": "3.25.76",
      "resolved": "https://registry.npmjs.org/zod/-/zod-3.25.76.tgz",
      "integrity": "sha512-gzUt/qt81nXsFGKIFcC3YnfEAx5NkunCfnDlvuBSSFS02bcXu4Lmea0AFIUwbLWxWPx3d9p8S5QoaujKcNQxcQ==",
      "license": "MIT",
      "funding": {
        "url": "https://github.com/sponsors/colinhacks"
      }
    }
  }
}
